
Microsoft Visual Studio Solution File, Format Version 12.00
# Visual Studio 2012
Project("{FAE04EC0-301F-11D3-BF4B-00C04F79EFBC}") = "UIShell.iOpenWorks.WPF", "UIShell.iOpenWorks.WPF\UIShell.iOpenWorks.WPF.csproj", "{B016DAE2-6A12-4A18-959A-C5D8D9D73E3F}"
EndProject
Project("{2150E333-8FDC-42A3-9474-1A3956D46DE8}") = "ShellPlugin", "ShellPlugin", "{D05745E5-E68F-4475-86D8-9E834871A7B2}"
EndProject
Project("{FAE04EC0-301F-11D3-BF4B-00C04F79EFBC}") = "UIShell.WpfShellPlugin", "UIShell.iOpenWorks.WPF\bin\Plugins\UIShell.WpfShellPlugin\UIShell.WpfShellPlugin.csproj", "{CCC1C0AF-FFF5-4E7E-B6E8-2E3920FB6BB5}"
EndProject
Project("{2150E333-8FDC-42A3-9474-1A3956D46DE8}") = "SysPlugins", "SysPlugins", "{730AA720-AE85-4B7B-90D8-E0D564CFEBE2}"
EndProject
Project("{FAE04EC0-301F-11D3-BF4B-00C04F79EFBC}") = "UIShell.WpfAppCenterPlugin", "UIShell.iOpenWorks.WPF\bin\Plugins\UIShell.WpfAppCenterPlugin\UIShell.WpfAppCenterPlugin.csproj", "{438F6A03-36B5-4247-942C-381A623EB2A6}"
EndProject
Project("{FAE04EC0-301F-11D3-BF4B-00C04F79EFBC}") = "FirstFloor.ModernUI", "UIShell.iOpenWorks.WPF\lib\FirstFloor.ModernUI\FirstFloor.ModernUI.csproj", "{BAE311FE-965E-434D-8E9F-02E35A3D1D25}"
EndProject
Project("{2150E333-8FDC-42A3-9474-1A3956D46DE8}") = "AppPlugins", "AppPlugins", "{48163EBD-3F52-4F1F-BE34-4D810C559224}"
EndProject
Project("{FAE04EC0-301F-11D3-BF4B-00C04F79EFBC}") = "DemoPlugin", "UIShell.iOpenWorks.WPF\bin\Plugins\DemoPlugin\DemoPlugin.csproj", "{C5BD6681-B412-4FDB-8F90-E52A1F83FB3C}"
EndProject
Project("{FAE04EC0-301F-11D3-BF4B-00C04F79EFBC}") = "DemoPlugin2", "UIShell.iOpenWorks.WPF\bin\Plugins\DemoPlugin2\DemoPlugin2.csproj", "{9E177965-71A2-408C-BBE2-B5F79174DB68}"
EndProject
Global
	GlobalSection(SubversionScc) = preSolution
		Svn-Managed = True
		Manager = AnkhSVN - Subversion Support for Visual Studio
	EndGlobalSection
	GlobalSection(SolutionConfigurationPlatforms) = preSolution
		Debug|Any CPU = Debug|Any CPU
		Debug|x86 = Debug|x86
		Developer|Any CPU = Developer|Any CPU
		Developer|x86 = Developer|x86
		EndUser|Any CPU = EndUser|Any CPU
		EndUser|x86 = EndUser|x86
		Release|Any CPU = Release|Any CPU
		Release|x86 = Release|x86
	EndGlobalSection
	GlobalSection(ProjectConfigurationPlatforms) = postSolution
		{B016DAE2-6A12-4A18-959A-C5D8D9D73E3F}.Debug|Any CPU.ActiveCfg = Debug|Any CPU
		{B016DAE2-6A12-4A18-959A-C5D8D9D73E3F}.Debug|Any CPU.Build.0 = Debug|Any CPU
		{B016DAE2-6A12-4A18-959A-C5D8D9D73E3F}.Debug|x86.ActiveCfg = Debug|Any CPU
		{B016DAE2-6A12-4A18-959A-C5D8D9D73E3F}.Developer|Any CPU.ActiveCfg = Debug|Any CPU
		{B016DAE2-6A12-4A18-959A-C5D8D9D73E3F}.Developer|Any CPU.Build.0 = Debug|Any CPU
		{B016DAE2-6A12-4A18-959A-C5D8D9D73E3F}.Developer|x86.ActiveCfg = Debug|Any CPU
		{B016DAE2-6A12-4A18-959A-C5D8D9D73E3F}.EndUser|Any CPU.ActiveCfg = Release|Any CPU
		{B016DAE2-6A12-4A18-959A-C5D8D9D73E3F}.EndUser|Any CPU.Build.0 = Release|Any CPU
		{B016DAE2-6A12-4A18-959A-C5D8D9D73E3F}.EndUser|x86.ActiveCfg = Release|Any CPU
		{B016DAE2-6A12-4A18-959A-C5D8D9D73E3F}.Release|Any CPU.ActiveCfg = Release|Any CPU
		{B016DAE2-6A12-4A18-959A-C5D8D9D73E3F}.Release|Any CPU.Build.0 = Release|Any CPU
		{B016DAE2-6A12-4A18-959A-C5D8D9D73E3F}.Release|x86.ActiveCfg = Release|Any CPU
		{CCC1C0AF-FFF5-4E7E-B6E8-2E3920FB6BB5}.Debug|Any CPU.ActiveCfg = Debug|Any CPU
		{CCC1C0AF-FFF5-4E7E-B6E8-2E3920FB6BB5}.Debug|Any CPU.Build.0 = Debug|Any CPU
		{CCC1C0AF-FFF5-4E7E-B6E8-2E3920FB6BB5}.Debug|x86.ActiveCfg = Debug|Any CPU
		{CCC1C0AF-FFF5-4E7E-B6E8-2E3920FB6BB5}.Developer|Any CPU.ActiveCfg = Debug|Any CPU
		{CCC1C0AF-FFF5-4E7E-B6E8-2E3920FB6BB5}.Developer|Any CPU.Build.0 = Debug|Any CPU
		{CCC1C0AF-FFF5-4E7E-B6E8-2E3920FB6BB5}.Developer|x86.ActiveCfg = Debug|Any CPU
		{CCC1C0AF-FFF5-4E7E-B6E8-2E3920FB6BB5}.EndUser|Any CPU.ActiveCfg = Release|Any CPU
		{CCC1C0AF-FFF5-4E7E-B6E8-2E3920FB6BB5}.EndUser|Any CPU.Build.0 = Release|Any CPU
		{CCC1C0AF-FFF5-4E7E-B6E8-2E3920FB6BB5}.EndUser|x86.ActiveCfg = Release|Any CPU
		{CCC1C0AF-FFF5-4E7E-B6E8-2E3920FB6BB5}.Release|Any CPU.ActiveCfg = Release|Any CPU
		{CCC1C0AF-FFF5-4E7E-B6E8-2E3920FB6BB5}.Release|Any CPU.Build.0 = Release|Any CPU
		{CCC1C0AF-FFF5-4E7E-B6E8-2E3920FB6BB5}.Release|x86.ActiveCfg = Release|Any CPU
		{438F6A03-36B5-4247-942C-381A623EB2A6}.Debug|Any CPU.ActiveCfg = Debug|Any CPU
		{438F6A03-36B5-4247-942C-381A623EB2A6}.Debug|Any CPU.Build.0 = Debug|Any CPU
		{438F6A03-36B5-4247-942C-381A623EB2A6}.Debug|x86.ActiveCfg = Debug|Any CPU
		{438F6A03-36B5-4247-942C-381A623EB2A6}.Developer|Any CPU.ActiveCfg = Debug|Any CPU
		{438F6A03-36B5-4247-942C-381A623EB2A6}.Developer|Any CPU.Build.0 = Debug|Any CPU
		{438F6A03-36B5-4247-942C-381A623EB2A6}.Developer|x86.ActiveCfg = Debug|Any CPU
		{438F6A03-36B5-4247-942C-381A623EB2A6}.EndUser|Any CPU.ActiveCfg = Release|Any CPU
		{438F6A03-36B5-4247-942C-381A623EB2A6}.EndUser|Any CPU.Build.0 = Release|Any CPU
		{438F6A03-36B5-4247-942C-381A623EB2A6}.EndUser|x86.ActiveCfg = Release|Any CPU
		{438F6A03-36B5-4247-942C-381A623EB2A6}.Release|Any CPU.ActiveCfg = Release|Any CPU
		{438F6A03-36B5-4247-942C-381A623EB2A6}.Release|Any CPU.Build.0 = Release|Any CPU
		{438F6A03-36B5-4247-942C-381A623EB2A6}.Release|x86.ActiveCfg = Release|Any CPU
		{BAE311FE-965E-434D-8E9F-02E35A3D1D25}.Debug|Any CPU.ActiveCfg = Debug|Any CPU
		{BAE311FE-965E-434D-8E9F-02E35A3D1D25}.Debug|Any CPU.Build.0 = Debug|Any CPU
		{BAE311FE-965E-434D-8E9F-02E35A3D1D25}.Debug|x86.ActiveCfg = Debug|Any CPU
		{BAE311FE-965E-434D-8E9F-02E35A3D1D25}.Developer|Any CPU.ActiveCfg = Debug|Any CPU
		{BAE311FE-965E-434D-8E9F-02E35A3D1D25}.Developer|Any CPU.Build.0 = Debug|Any CPU
		{BAE311FE-965E-434D-8E9F-02E35A3D1D25}.Developer|x86.ActiveCfg = Debug|Any CPU
		{BAE311FE-965E-434D-8E9F-02E35A3D1D25}.EndUser|Any CPU.ActiveCfg = Release|Any CPU
		{BAE311FE-965E-434D-8E9F-02E35A3D1D25}.EndUser|Any CPU.Build.0 = Release|Any CPU
		{BAE311FE-965E-434D-8E9F-02E35A3D1D25}.EndUser|x86.ActiveCfg = Release|Any CPU
		{BAE311FE-965E-434D-8E9F-02E35A3D1D25}.Release|Any CPU.ActiveCfg = Release|Any CPU
		{BAE311FE-965E-434D-8E9F-02E35A3D1D25}.Release|Any CPU.Build.0 = Release|Any CPU
		{BAE311FE-965E-434D-8E9F-02E35A3D1D25}.Release|x86.ActiveCfg = Release|Any CPU
		{C5BD6681-B412-4FDB-8F90-E52A1F83FB3C}.Debug|Any CPU.ActiveCfg = Debug|Any CPU
		{C5BD6681-B412-4FDB-8F90-E52A1F83FB3C}.Debug|Any CPU.Build.0 = Debug|Any CPU
		{C5BD6681-B412-4FDB-8F90-E52A1F83FB3C}.Debug|x86.ActiveCfg = Debug|Any CPU
		{C5BD6681-B412-4FDB-8F90-E52A1F83FB3C}.Developer|Any CPU.ActiveCfg = Debug|Any CPU
		{C5BD6681-B412-4FDB-8F90-E52A1F83FB3C}.Developer|Any CPU.Build.0 = Debug|Any CPU
		{C5BD6681-B412-4FDB-8F90-E52A1F83FB3C}.Developer|x86.ActiveCfg = Debug|Any CPU
		{C5BD6681-B412-4FDB-8F90-E52A1F83FB3C}.EndUser|Any CPU.ActiveCfg = Release|Any CPU
		{C5BD6681-B412-4FDB-8F90-E52A1F83FB3C}.EndUser|Any CPU.Build.0 = Release|Any CPU
		{C5BD6681-B412-4FDB-8F90-E52A1F83FB3C}.EndUser|x86.ActiveCfg = Release|Any CPU
		{C5BD6681-B412-4FDB-8F90-E52A1F83FB3C}.Release|Any CPU.ActiveCfg = Release|Any CPU
		{C5BD6681-B412-4FDB-8F90-E52A1F83FB3C}.Release|Any CPU.Build.0 = Release|Any CPU
		{C5BD6681-B412-4FDB-8F90-E52A1F83FB3C}.Release|x86.ActiveCfg = Release|Any CPU
		{9E177965-71A2-408C-BBE2-B5F79174DB68}.Debug|Any CPU.ActiveCfg = Debug|Any CPU
		{9E177965-71A2-408C-BBE2-B5F79174DB68}.Debug|Any CPU.Build.0 = Debug|Any CPU
		{9E177965-71A2-408C-BBE2-B5F79174DB68}.Debug|x86.ActiveCfg = Debug|Any CPU
		{9E177965-71A2-408C-BBE2-B5F79174DB68}.Developer|Any CPU.ActiveCfg = Debug|Any CPU
		{9E177965-71A2-408C-BBE2-B5F79174DB68}.Developer|Any CPU.Build.0 = Debug|Any CPU
		{9E177965-71A2-408C-BBE2-B5F79174DB68}.Developer|x86.ActiveCfg = Debug|Any CPU
		{9E177965-71A2-408C-BBE2-B5F79174DB68}.EndUser|Any CPU.ActiveCfg = Release|Any CPU
		{9E177965-71A2-408C-BBE2-B5F79174DB68}.EndUser|Any CPU.Build.0 = Release|Any CPU
		{9E177965-71A2-408C-BBE2-B5F79174DB68}.EndUser|x86.ActiveCfg = Release|Any CPU
		{9E177965-71A2-408C-BBE2-B5F79174DB68}.Release|Any CPU.ActiveCfg = Release|Any CPU
		{9E177965-71A2-408C-BBE2-B5F79174DB68}.Release|Any CPU.Build.0 = Release|Any CPU
		{9E177965-71A2-408C-BBE2-B5F79174DB68}.Release|x86.ActiveCfg = Release|Any CPU
	EndGlobalSection
	GlobalSection(SolutionProperties) = preSolution
		HideSolutionNode = FALSE
	EndGlobalSection
	GlobalSection(NestedProjects) = preSolution
		{CCC1C0AF-FFF5-4E7E-B6E8-2E3920FB6BB5} = {D05745E5-E68F-4475-86D8-9E834871A7B2}
		{BAE311FE-965E-434D-8E9F-02E35A3D1D25} = {D05745E5-E68F-4475-86D8-9E834871A7B2}
		{438F6A03-36B5-4247-942C-381A623EB2A6} = {730AA720-AE85-4B7B-90D8-E0D564CFEBE2}
		{C5BD6681-B412-4FDB-8F90-E52A1F83FB3C} = {48163EBD-3F52-4F1F-BE34-4D810C559224}
		{9E177965-71A2-408C-BBE2-B5F79174DB68} = {48163EBD-3F52-4F1F-BE34-4D810C559224}
	EndGlobalSection
EndGlobal
