
Microsoft Visual Studio Solution File, Format Version 12.00
# Visual Studio 15
VisualStudioVersion = 15.0.26430.14
MinimumVisualStudioVersion = 10.0.40219.1
Project("{FAE04EC0-301F-11D3-BF4B-00C04F79EFBC}") = "XAML属性转换", "XAML属性转换\XAML属性转换.csproj", "{59816AE0-93BD-4964-ABD1-1CE8286765D5}"
EndProject
Project("{FAE04EC0-301F-11D3-BF4B-00C04F79EFBC}") = "自定义标记扩展", "自定义标记扩展\自定义标记扩展.csproj", "{8C54C87E-AD77-4843-B069-EBE7FF86E3B8}"
EndProject
Global
	GlobalSection(SolutionConfigurationPlatforms) = preSolution
		Debug|Any CPU = Debug|Any CPU
		Release|Any CPU = Release|Any CPU
	EndGlobalSection
	GlobalSection(ProjectConfigurationPlatforms) = postSolution
		{59816AE0-93BD-4964-ABD1-1CE8286765D5}.Debug|Any CPU.ActiveCfg = Debug|Any CPU
		{59816AE0-93BD-4964-ABD1-1CE8286765D5}.Debug|Any CPU.Build.0 = Debug|Any CPU
		{59816AE0-93BD-4964-ABD1-1CE8286765D5}.Release|Any CPU.ActiveCfg = Release|Any CPU
		{59816AE0-93BD-4964-ABD1-1CE8286765D5}.Release|Any CPU.Build.0 = Release|Any CPU
		{8C54C87E-AD77-4843-B069-EBE7FF86E3B8}.Debug|Any CPU.ActiveCfg = Debug|Any CPU
		{8C54C87E-AD77-4843-B069-EBE7FF86E3B8}.Debug|Any CPU.Build.0 = Debug|Any CPU
		{8C54C87E-AD77-4843-B069-EBE7FF86E3B8}.Release|Any CPU.ActiveCfg = Release|Any CPU
		{8C54C87E-AD77-4843-B069-EBE7FF86E3B8}.Release|Any CPU.Build.0 = Release|Any CPU
	EndGlobalSection
	GlobalSection(SolutionProperties) = preSolution
		HideSolutionNode = FALSE
	EndGlobalSection
EndGlobal
