
Microsoft Visual Studio Solution File, Format Version 12.00
# Visual Studio 15
VisualStudioVersion = 15.0.27130.2027
MinimumVisualStudioVersion = 10.0.40219.1
Project("{FAE04EC0-301F-11D3-BF4B-00C04F79EFBC}") = "WPF.Controls", "WPF.Controls\WPF.Controls.csproj", "{209D1F3F-0309-4696-A037-F87AA8D257C9}"
EndProject
Project("{FAE04EC0-301F-11D3-BF4B-00C04F79EFBC}") = "WPF.extension.dll", "WPF.extension.dll\WPF.extension.dll.csproj", "{257E8B9B-6C25-4BC5-A7AA-E5969BCC59A2}"
EndProject
Project("{FAE04EC0-301F-11D3-BF4B-00C04F79EFBC}") = "WPF.converter.dll", "WPF.converter.dll\WPF.converter.dll.csproj", "{9151D6DB-1A9B-4709-BBDA-E216B904964C}"
EndProject
Global
	GlobalSection(SolutionConfigurationPlatforms) = preSolution
		Debug|Any CPU = Debug|Any CPU
		Release|Any CPU = Release|Any CPU
	EndGlobalSection
	GlobalSection(ProjectConfigurationPlatforms) = postSolution
		{209D1F3F-0309-4696-A037-F87AA8D257C9}.Debug|Any CPU.ActiveCfg = Debug|Any CPU
		{209D1F3F-0309-4696-A037-F87AA8D257C9}.Debug|Any CPU.Build.0 = Debug|Any CPU
		{209D1F3F-0309-4696-A037-F87AA8D257C9}.Release|Any CPU.ActiveCfg = Release|Any CPU
		{209D1F3F-0309-4696-A037-F87AA8D257C9}.Release|Any CPU.Build.0 = Release|Any CPU
		{257E8B9B-6C25-4BC5-A7AA-E5969BCC59A2}.Debug|Any CPU.ActiveCfg = Debug|Any CPU
		{257E8B9B-6C25-4BC5-A7AA-E5969BCC59A2}.Debug|Any CPU.Build.0 = Debug|Any CPU
		{257E8B9B-6C25-4BC5-A7AA-E5969BCC59A2}.Release|Any CPU.ActiveCfg = Release|Any CPU
		{257E8B9B-6C25-4BC5-A7AA-E5969BCC59A2}.Release|Any CPU.Build.0 = Release|Any CPU
		{9151D6DB-1A9B-4709-BBDA-E216B904964C}.Debug|Any CPU.ActiveCfg = Debug|Any CPU
		{9151D6DB-1A9B-4709-BBDA-E216B904964C}.Debug|Any CPU.Build.0 = Debug|Any CPU
		{9151D6DB-1A9B-4709-BBDA-E216B904964C}.Release|Any CPU.ActiveCfg = Release|Any CPU
		{9151D6DB-1A9B-4709-BBDA-E216B904964C}.Release|Any CPU.Build.0 = Release|Any CPU
	EndGlobalSection
	GlobalSection(SolutionProperties) = preSolution
		HideSolutionNode = FALSE
	EndGlobalSection
	GlobalSection(ExtensibilityGlobals) = postSolution
		SolutionGuid = {33B3A007-B0C7-4CF8-A26E-C6430AC31EF2}
	EndGlobalSection
EndGlobal
