
Microsoft Visual Studio Solution File, Format Version 12.00
# Visual Studio 15
VisualStudioVersion = 15.0.26430.14
MinimumVisualStudioVersion = 10.0.40219.1
Project("{FAE04EC0-301F-11D3-BF4B-00C04F79EFBC}") = "3.1控件作为源绑定", "3.1控件作为源绑定\3.1控件作为源绑定.csproj", "{3214930D-0D40-4EF4-9DBB-34EBC054E430}"
EndProject
Project("{FAE04EC0-301F-11D3-BF4B-00C04F79EFBC}") = "04Binding的转换和校验", "04Binding的转换和校验\04Binding的转换和校验.csproj", "{4739968E-BCAC-4CC7-B64A-3E2C4BE4A2C5}"
EndProject
Global
	GlobalSection(SolutionConfigurationPlatforms) = preSolution
		Debug|Any CPU = Debug|Any CPU
		Release|Any CPU = Release|Any CPU
	EndGlobalSection
	GlobalSection(ProjectConfigurationPlatforms) = postSolution
		{3214930D-0D40-4EF4-9DBB-34EBC054E430}.Debug|Any CPU.ActiveCfg = Debug|Any CPU
		{3214930D-0D40-4EF4-9DBB-34EBC054E430}.Debug|Any CPU.Build.0 = Debug|Any CPU
		{3214930D-0D40-4EF4-9DBB-34EBC054E430}.Release|Any CPU.ActiveCfg = Release|Any CPU
		{3214930D-0D40-4EF4-9DBB-34EBC054E430}.Release|Any CPU.Build.0 = Release|Any CPU
		{4739968E-BCAC-4CC7-B64A-3E2C4BE4A2C5}.Debug|Any CPU.ActiveCfg = Debug|Any CPU
		{4739968E-BCAC-4CC7-B64A-3E2C4BE4A2C5}.Debug|Any CPU.Build.0 = Debug|Any CPU
		{4739968E-BCAC-4CC7-B64A-3E2C4BE4A2C5}.Release|Any CPU.ActiveCfg = Release|Any CPU
		{4739968E-BCAC-4CC7-B64A-3E2C4BE4A2C5}.Release|Any CPU.Build.0 = Release|Any CPU
	EndGlobalSection
	GlobalSection(SolutionProperties) = preSolution
		HideSolutionNode = FALSE
	EndGlobalSection
EndGlobal
